
Microsoft Visual Studio Solution File, Format Version 12.00
# Visual Studio Version 16
VisualStudioVersion = 16.0.31129.286
MinimumVisualStudioVersion = 10.0.40219.1
Project("{FAE04EC0-301F-11D3-BF4B-00C04F79EFBC}") = "Multi_Dimensional_Arrays_Assignment", "Multi_Dimensional_Arrays_Assignment.csproj", "{61D05DB9-8994-4221-8CC7-3F5BD7C52BF2}"
EndProject
Global
	GlobalSection(SolutionConfigurationPlatforms) = preSolution
		Debug|Any CPU = Debug|Any CPU
		Release|Any CPU = Release|Any CPU
	EndGlobalSection
	GlobalSection(ProjectConfigurationPlatforms) = postSolution
		{61D05DB9-8994-4221-8CC7-3F5BD7C52BF2}.Debug|Any CPU.ActiveCfg = Debug|Any CPU
		{61D05DB9-8994-4221-8CC7-3F5BD7C52BF2}.Debug|Any CPU.Build.0 = Debug|Any CPU
		{61D05DB9-8994-4221-8CC7-3F5BD7C52BF2}.Release|Any CPU.ActiveCfg = Release|Any CPU
		{61D05DB9-8994-4221-8CC7-3F5BD7C52BF2}.Release|Any CPU.Build.0 = Release|Any CPU
	EndGlobalSection
	GlobalSection(SolutionProperties) = preSolution
		HideSolutionNode = FALSE
	EndGlobalSection
	GlobalSection(ExtensibilityGlobals) = postSolution
		SolutionGuid = {06F8E1DB-3BF1-4ABC-BDD6-9DACCAA621AF}
	EndGlobalSection
EndGlobal
